
Microsoft Visual Studio Solution File, Format Version 12.00
# Visual Studio Version 16
VisualStudioVersion = 16.0.30413.136
MinimumVisualStudioVersion = 10.0.40219.1
Project("{8BC9CEB8-8B4A-11D0-8D11-00A0C91BC942}") = "Tile_Map_Generator", "Tile_Map_Generator.vcxproj", "{6A9931B2-6557-4918-BB33-11D99AE3A8C1}"
EndProject
Global
	GlobalSection(SolutionConfigurationPlatforms) = preSolution
		Debug|x64 = Debug|x64
		Debug|x86 = Debug|x86
		Release|x64 = Release|x64
		Release|x86 = Release|x86
	EndGlobalSection
	GlobalSection(ProjectConfigurationPlatforms) = postSolution
		{6A9931B2-6557-4918-BB33-11D99AE3A8C1}.Debug|x64.ActiveCfg = Debug|x64
		{6A9931B2-6557-4918-BB33-11D99AE3A8C1}.Debug|x64.Build.0 = Debug|x64
		{6A9931B2-6557-4918-BB33-11D99AE3A8C1}.Debug|x86.ActiveCfg = Debug|Win32
		{6A9931B2-6557-4918-BB33-11D99AE3A8C1}.Debug|x86.Build.0 = Debug|Win32
		{6A9931B2-6557-4918-BB33-11D99AE3A8C1}.Release|x64.ActiveCfg = Release|x64
		{6A9931B2-6557-4918-BB33-11D99AE3A8C1}.Release|x64.Build.0 = Release|x64
		{6A9931B2-6557-4918-BB33-11D99AE3A8C1}.Release|x86.ActiveCfg = Release|Win32
		{6A9931B2-6557-4918-BB33-11D99AE3A8C1}.Release|x86.Build.0 = Release|Win32
	EndGlobalSection
	GlobalSection(SolutionProperties) = preSolution
		HideSolutionNode = FALSE
	EndGlobalSection
	GlobalSection(ExtensibilityGlobals) = postSolution
		SolutionGuid = {652B16E6-EB05-4F33-9126-227137A6BBA8}
	EndGlobalSection
EndGlobal
